
Microsoft Visual Studio Solution File, Format Version 12.00
# Visual Studio 15
VisualStudioVersion = 15.0.26730.16
MinimumVisualStudioVersion = 10.0.40219.1
Project("{FAE04EC0-301F-11D3-BF4B-00C04F79EFBC}") = "SeleniumLab", "SeleniumLab\SeleniumLab.csproj", "{F4B50931-A709-4B45-9AF9-FA0D5659CCFC}"
EndProject
Global
	GlobalSection(SolutionConfigurationPlatforms) = preSolution
		Debug|Any CPU = Debug|Any CPU
		Release|Any CPU = Release|Any CPU
	EndGlobalSection
	GlobalSection(ProjectConfigurationPlatforms) = postSolution
		{F4B50931-A709-4B45-9AF9-FA0D5659CCFC}.Debug|Any CPU.ActiveCfg = Debug|Any CPU
		{F4B50931-A709-4B45-9AF9-FA0D5659CCFC}.Debug|Any CPU.Build.0 = Debug|Any CPU
		{F4B50931-A709-4B45-9AF9-FA0D5659CCFC}.Release|Any CPU.ActiveCfg = Release|Any CPU
		{F4B50931-A709-4B45-9AF9-FA0D5659CCFC}.Release|Any CPU.Build.0 = Release|Any CPU
	EndGlobalSection
	GlobalSection(SolutionProperties) = preSolution
		HideSolutionNode = FALSE
	EndGlobalSection
	GlobalSection(ExtensibilityGlobals) = postSolution
		SolutionGuid = {3B3EDBB9-43C1-4C42-9367-371F47078729}
	EndGlobalSection
EndGlobal
